
Microsoft Visual Studio Solution File, Format Version 12.00
# Visual Studio Version 17
VisualStudioVersion = 17.0.31903.59
MinimumVisualStudioVersion = 10.0.40219.1
Project("{2150E333-8FDC-42A3-9474-1A3956D46DE8}") = "src", "src", "{7D1546F4-9213-4118-8067-A58B71ECE776}"
EndProject
Project("{FAE04EC0-301F-11D3-BF4B-00C04F79EFBC}") = "IdentityServer", "src\IdentityServer\IdentityServer.csproj", "{416C2F92-73AF-4DC4-8BDB-B88C5C5B1EE6}"
EndProject
Project("{FAE04EC0-301F-11D3-BF4B-00C04F79EFBC}") = "Api", "src\Api\Api.csproj", "{43F19057-29CC-4E53-A501-AFC2FB5BEC73}"
EndProject
Project("{FAE04EC0-301F-11D3-BF4B-00C04F79EFBC}") = "Client", "src\Client\Client.csproj", "{9ECEE2FC-9E8D-419D-9508-C29C3C1A51A8}"
EndProject
Project("{FAE04EC0-301F-11D3-BF4B-00C04F79EFBC}") = "WebClient", "src\WebClient\WebClient.csproj", "{22D66165-FA90-436C-8A19-1D39C8ECD50A}"
EndProject
Global
	GlobalSection(SolutionConfigurationPlatforms) = preSolution
		Debug|Any CPU = Debug|Any CPU
		Release|Any CPU = Release|Any CPU
	EndGlobalSection
	GlobalSection(SolutionProperties) = preSolution
		HideSolutionNode = FALSE
	EndGlobalSection
	GlobalSection(ProjectConfigurationPlatforms) = postSolution
		{416C2F92-73AF-4DC4-8BDB-B88C5C5B1EE6}.Debug|Any CPU.ActiveCfg = Debug|Any CPU
		{416C2F92-73AF-4DC4-8BDB-B88C5C5B1EE6}.Debug|Any CPU.Build.0 = Debug|Any CPU
		{416C2F92-73AF-4DC4-8BDB-B88C5C5B1EE6}.Release|Any CPU.ActiveCfg = Release|Any CPU
		{416C2F92-73AF-4DC4-8BDB-B88C5C5B1EE6}.Release|Any CPU.Build.0 = Release|Any CPU
		{43F19057-29CC-4E53-A501-AFC2FB5BEC73}.Debug|Any CPU.ActiveCfg = Debug|Any CPU
		{43F19057-29CC-4E53-A501-AFC2FB5BEC73}.Debug|Any CPU.Build.0 = Debug|Any CPU
		{43F19057-29CC-4E53-A501-AFC2FB5BEC73}.Release|Any CPU.ActiveCfg = Release|Any CPU
		{43F19057-29CC-4E53-A501-AFC2FB5BEC73}.Release|Any CPU.Build.0 = Release|Any CPU
		{9ECEE2FC-9E8D-419D-9508-C29C3C1A51A8}.Debug|Any CPU.ActiveCfg = Debug|Any CPU
		{9ECEE2FC-9E8D-419D-9508-C29C3C1A51A8}.Debug|Any CPU.Build.0 = Debug|Any CPU
		{9ECEE2FC-9E8D-419D-9508-C29C3C1A51A8}.Release|Any CPU.ActiveCfg = Release|Any CPU
		{9ECEE2FC-9E8D-419D-9508-C29C3C1A51A8}.Release|Any CPU.Build.0 = Release|Any CPU
		{22D66165-FA90-436C-8A19-1D39C8ECD50A}.Debug|Any CPU.ActiveCfg = Debug|Any CPU
		{22D66165-FA90-436C-8A19-1D39C8ECD50A}.Debug|Any CPU.Build.0 = Debug|Any CPU
		{22D66165-FA90-436C-8A19-1D39C8ECD50A}.Release|Any CPU.ActiveCfg = Release|Any CPU
		{22D66165-FA90-436C-8A19-1D39C8ECD50A}.Release|Any CPU.Build.0 = Release|Any CPU
	EndGlobalSection
	GlobalSection(NestedProjects) = preSolution
		{416C2F92-73AF-4DC4-8BDB-B88C5C5B1EE6} = {7D1546F4-9213-4118-8067-A58B71ECE776}
		{43F19057-29CC-4E53-A501-AFC2FB5BEC73} = {7D1546F4-9213-4118-8067-A58B71ECE776}
		{9ECEE2FC-9E8D-419D-9508-C29C3C1A51A8} = {7D1546F4-9213-4118-8067-A58B71ECE776}
		{22D66165-FA90-436C-8A19-1D39C8ECD50A} = {7D1546F4-9213-4118-8067-A58B71ECE776}
	EndGlobalSection
EndGlobal
